
Microsoft Visual Studio Solution File, Format Version 12.00
# Visual Studio 15
Project("{FAE04EC0-301F-11D3-BF4B-00C04F79EFBC}") = "CFXRDemo", "CFXRDemo.csproj", "{A38B9866-98E8-7BB7-28F0-2C8C28E94FB3}"
EndProject
Project("{FAE04EC0-301F-11D3-BF4B-00C04F79EFBC}") = "Assembly-CSharp", "Assembly-CSharp.csproj", "{ECE0A083-18CD-C6DD-60C5-D02DBB842173}"
EndProject
Project("{FAE04EC0-301F-11D3-BF4B-00C04F79EFBC}") = "CFXRRuntime", "CFXRRuntime.csproj", "{3E900F7D-CB80-146F-F888-75522F23369D}"
EndProject
Project("{FAE04EC0-301F-11D3-BF4B-00C04F79EFBC}") = "KinoBloom.Runtime", "KinoBloom.Runtime.csproj", "{4082ECCE-EDAC-BF6C-9AD5-FEA65F28057D}"
EndProject
Project("{FAE04EC0-301F-11D3-BF4B-00C04F79EFBC}") = "CFXREditor", "CFXREditor.csproj", "{39393CF3-2EDD-F185-8DB8-739DF597FDA0}"
EndProject
Project("{FAE04EC0-301F-11D3-BF4B-00C04F79EFBC}") = "CFXR.WelcomeScreen", "CFXR.WelcomeScreen.csproj", "{D0D9267F-CAC9-49E6-9D2B-D0194B549828}"
EndProject
Project("{FAE04EC0-301F-11D3-BF4B-00C04F79EFBC}") = "ToonyColorsPro.Demo.Editor", "ToonyColorsPro.Demo.Editor.csproj", "{4C9C4020-9FB7-CD60-3D82-F807A7447633}"
EndProject
Global
	GlobalSection(SolutionConfigurationPlatforms) = preSolution
		Debug|Any CPU = Debug|Any CPU
		Release|Any CPU = Release|Any CPU
	EndGlobalSection
	GlobalSection(ProjectConfigurationPlatforms) = postSolution
		{A38B9866-98E8-7BB7-28F0-2C8C28E94FB3}.Debug|Any CPU.ActiveCfg = Debug|Any CPU
		{A38B9866-98E8-7BB7-28F0-2C8C28E94FB3}.Debug|Any CPU.Build.0 = Debug|Any CPU
		{A38B9866-98E8-7BB7-28F0-2C8C28E94FB3}.Release|Any CPU.ActiveCfg = Release|Any CPU
		{A38B9866-98E8-7BB7-28F0-2C8C28E94FB3}.Release|Any CPU.Build.0 = Release|Any CPU
		{ECE0A083-18CD-C6DD-60C5-D02DBB842173}.Debug|Any CPU.ActiveCfg = Debug|Any CPU
		{ECE0A083-18CD-C6DD-60C5-D02DBB842173}.Debug|Any CPU.Build.0 = Debug|Any CPU
		{ECE0A083-18CD-C6DD-60C5-D02DBB842173}.Release|Any CPU.ActiveCfg = Release|Any CPU
		{ECE0A083-18CD-C6DD-60C5-D02DBB842173}.Release|Any CPU.Build.0 = Release|Any CPU
		{3E900F7D-CB80-146F-F888-75522F23369D}.Debug|Any CPU.ActiveCfg = Debug|Any CPU
		{3E900F7D-CB80-146F-F888-75522F23369D}.Debug|Any CPU.Build.0 = Debug|Any CPU
		{3E900F7D-CB80-146F-F888-75522F23369D}.Release|Any CPU.ActiveCfg = Release|Any CPU
		{3E900F7D-CB80-146F-F888-75522F23369D}.Release|Any CPU.Build.0 = Release|Any CPU
		{4082ECCE-EDAC-BF6C-9AD5-FEA65F28057D}.Debug|Any CPU.ActiveCfg = Debug|Any CPU
		{4082ECCE-EDAC-BF6C-9AD5-FEA65F28057D}.Debug|Any CPU.Build.0 = Debug|Any CPU
		{4082ECCE-EDAC-BF6C-9AD5-FEA65F28057D}.Release|Any CPU.ActiveCfg = Release|Any CPU
		{4082ECCE-EDAC-BF6C-9AD5-FEA65F28057D}.Release|Any CPU.Build.0 = Release|Any CPU
		{39393CF3-2EDD-F185-8DB8-739DF597FDA0}.Debug|Any CPU.ActiveCfg = Debug|Any CPU
		{39393CF3-2EDD-F185-8DB8-739DF597FDA0}.Debug|Any CPU.Build.0 = Debug|Any CPU
		{39393CF3-2EDD-F185-8DB8-739DF597FDA0}.Release|Any CPU.ActiveCfg = Release|Any CPU
		{39393CF3-2EDD-F185-8DB8-739DF597FDA0}.Release|Any CPU.Build.0 = Release|Any CPU
		{D0D9267F-CAC9-49E6-9D2B-D0194B549828}.Debug|Any CPU.ActiveCfg = Debug|Any CPU
		{D0D9267F-CAC9-49E6-9D2B-D0194B549828}.Debug|Any CPU.Build.0 = Debug|Any CPU
		{D0D9267F-CAC9-49E6-9D2B-D0194B549828}.Release|Any CPU.ActiveCfg = Release|Any CPU
		{D0D9267F-CAC9-49E6-9D2B-D0194B549828}.Release|Any CPU.Build.0 = Release|Any CPU
		{4C9C4020-9FB7-CD60-3D82-F807A7447633}.Debug|Any CPU.ActiveCfg = Debug|Any CPU
		{4C9C4020-9FB7-CD60-3D82-F807A7447633}.Debug|Any CPU.Build.0 = Debug|Any CPU
		{4C9C4020-9FB7-CD60-3D82-F807A7447633}.Release|Any CPU.ActiveCfg = Release|Any CPU
		{4C9C4020-9FB7-CD60-3D82-F807A7447633}.Release|Any CPU.Build.0 = Release|Any CPU
	EndGlobalSection
	GlobalSection(SolutionProperties) = preSolution
		HideSolutionNode = FALSE
	EndGlobalSection
EndGlobal
